// !$*UTF8*$!
{
	archiveVersion = 1;
	classes = {
	};
	objectVersion = 50;
	objects = {

/* Begin PBXBuildFile section */
		65232BFA275152C900C0144B /* main.c in Sources */ = {isa = PBXBuildFile; fileRef = 65232BF9275152C900C0144B /* main.c */; };
		65232C0F2751531D00C0144B /* Cocoa.framework in Frameworks */ = {isa = PBXBuildFile; fileRef = 652ADA92273D8BB70009E305 /* Cocoa.framework */; };
		65232C102751532500C0144B /* IOKit.framework in Frameworks */ = {isa = PBXBuildFile; fileRef = 652ADA96273D8C410009E305 /* IOKit.framework */; };
		65232C112751532A00C0144B /* OpenGL.framework in Frameworks */ = {isa = PBXBuildFile; fileRef = 652ADAA0273D908E0009E305 /* OpenGL.framework */; };
		652ADA93273D8BB70009E305 /* Cocoa.framework in Frameworks */ = {isa = PBXBuildFile; fileRef = 652ADA92273D8BB70009E305 /* Cocoa.framework */; };
		652ADA97273D8C410009E305 /* IOKit.framework in Frameworks */ = {isa = PBXBuildFile; fileRef = 652ADA96273D8C410009E305 /* IOKit.framework */; };
		652ADA99273D8C490009E305 /* CoreFoundation.framework in Frameworks */ = {isa = PBXBuildFile; fileRef = 652ADA98273D8C490009E305 /* CoreFoundation.framework */; };
		652ADAA1273D908E0009E305 /* OpenGL.framework in Frameworks */ = {isa = PBXBuildFile; fileRef = 652ADAA0273D908E0009E305 /* OpenGL.framework */; };
		652ADB3827404DEC0009E305 /* hello_world.c in Sources */ = {isa = PBXBuildFile; fileRef = 652ADB3127404DEC0009E305 /* hello_world.c */; };
		653B806227494A05007D158D /* main.c in Sources */ = {isa = PBXBuildFile; fileRef = 653B806127494A05007D158D /* main.c */; };
		653B806C27494C58007D158D /* CoreFoundation.framework in Frameworks */ = {isa = PBXBuildFile; fileRef = 652ADA98273D8C490009E305 /* CoreFoundation.framework */; };
		653B806D27494C6A007D158D /* OpenGL.framework in Frameworks */ = {isa = PBXBuildFile; fileRef = 652ADAA0273D908E0009E305 /* OpenGL.framework */; };
		653B807127494C77007D158D /* IOKit.framework in Frameworks */ = {isa = PBXBuildFile; fileRef = 652ADA96273D8C410009E305 /* IOKit.framework */; };
		653B808D27494CD9007D158D /* Cocoa.framework in Frameworks */ = {isa = PBXBuildFile; fileRef = 652ADA92273D8BB70009E305 /* Cocoa.framework */; };
/* End PBXBuildFile section */

/* Begin PBXCopyFilesBuildPhase section */
		65232BEC2751529200C0144B /* CopyFiles */ = {
			isa = PBXCopyFilesBuildPhase;
			buildActionMask = 2147483647;
			dstPath = /usr/share/man/man1/;
			dstSubfolderSpec = 0;
			files = (
			);
			runOnlyForDeploymentPostprocessing = 1;
		};
		652ADA79273D88EC0009E305 /* CopyFiles */ = {
			isa = PBXCopyFilesBuildPhase;
			buildActionMask = 2147483647;
			dstPath = /usr/share/man/man1/;
			dstSubfolderSpec = 0;
			files = (
			);
			runOnlyForDeploymentPostprocessing = 1;
		};
		653B804B27494976007D158D /* CopyFiles */ = {
			isa = PBXCopyFilesBuildPhase;
			buildActionMask = 2147483647;
			dstPath = /usr/share/man/man1/;
			dstSubfolderSpec = 0;
			files = (
			);
			runOnlyForDeploymentPostprocessing = 1;
		};
/* End PBXCopyFilesBuildPhase section */

/* Begin PBXFileReference section */
		65232BEE2751529200C0144B /* rects */ = {isa = PBXFileReference; explicitFileType = "compiled.mach-o.executable"; includeInIndex = 0; path = rects; sourceTree = BUILT_PRODUCTS_DIR; };
		65232BF9275152C900C0144B /* main.c */ = {isa = PBXFileReference; fileEncoding = 4; lastKnownFileType = sourcecode.c.c; path = main.c; sourceTree = "<group>"; };
		652ADA7B273D88EC0009E305 /* hello_world */ = {isa = PBXFileReference; explicitFileType = "compiled.mach-o.executable"; includeInIndex = 0; path = hello_world; sourceTree = BUILT_PRODUCTS_DIR; };
		652ADA92273D8BB70009E305 /* Cocoa.framework */ = {isa = PBXFileReference; lastKnownFileType = wrapper.framework; name = Cocoa.framework; path = System/Library/Frameworks/Cocoa.framework; sourceTree = SDKROOT; };
		652ADA96273D8C410009E305 /* IOKit.framework */ = {isa = PBXFileReference; lastKnownFileType = wrapper.framework; name = IOKit.framework; path = System/Library/Frameworks/IOKit.framework; sourceTree = SDKROOT; };
		652ADA98273D8C490009E305 /* CoreFoundation.framework */ = {isa = PBXFileReference; lastKnownFileType = wrapper.framework; name = CoreFoundation.framework; path = System/Library/Frameworks/CoreFoundation.framework; sourceTree = SDKROOT; };
		652ADAA0273D908E0009E305 /* OpenGL.framework */ = {isa = PBXFileReference; lastKnownFileType = wrapper.framework; name = OpenGL.framework; path = System/Library/Frameworks/OpenGL.framework; sourceTree = SDKROOT; };
		652ADB3127404DEC0009E305 /* hello_world.c */ = {isa = PBXFileReference; fileEncoding = 4; lastKnownFileType = sourcecode.c.c; path = hello_world.c; sourceTree = "<group>"; };
		653B804D27494976007D158D /* skcanvas_paint */ = {isa = PBXFileReference; explicitFileType = "compiled.mach-o.executable"; includeInIndex = 0; path = skcanvas_paint; sourceTree = BUILT_PRODUCTS_DIR; };
		653B806127494A05007D158D /* main.c */ = {isa = PBXFileReference; fileEncoding = 4; lastKnownFileType = sourcecode.c.c; path = main.c; sourceTree = "<group>"; };
		653B807527494C91007D158D /* AppKit.framework */ = {isa = PBXFileReference; lastKnownFileType = wrapper.framework; name = AppKit.framework; path = System/Library/Frameworks/AppKit.framework; sourceTree = SDKROOT; };
		653B807A27494CA1007D158D /* Foundation.framework */ = {isa = PBXFileReference; lastKnownFileType = wrapper.framework; name = Foundation.framework; path = System/Library/Frameworks/Foundation.framework; sourceTree = SDKROOT; };
/* End PBXFileReference section */

/* Begin PBXFrameworksBuildPhase section */
		65232BEB2751529200C0144B /* Frameworks */ = {
			isa = PBXFrameworksBuildPhase;
			buildActionMask = 2147483647;
			files = (
				65232C0F2751531D00C0144B /* Cocoa.framework in Frameworks */,
				65232C102751532500C0144B /* IOKit.framework in Frameworks */,
				65232C112751532A00C0144B /* OpenGL.framework in Frameworks */,
			);
			runOnlyForDeploymentPostprocessing = 0;
		};
		652ADA78273D88EC0009E305 /* Frameworks */ = {
			isa = PBXFrameworksBuildPhase;
			buildActionMask = 2147483647;
			files = (
				652ADA93273D8BB70009E305 /* Cocoa.framework in Frameworks */,
				652ADAA1273D908E0009E305 /* OpenGL.framework in Frameworks */,
				652ADA97273D8C410009E305 /* IOKit.framework in Frameworks */,
				652ADA99273D8C490009E305 /* CoreFoundation.framework in Frameworks */,
			);
			runOnlyForDeploymentPostprocessing = 0;
		};
		653B804A27494976007D158D /* Frameworks */ = {
			isa = PBXFrameworksBuildPhase;
			buildActionMask = 2147483647;
			files = (
				653B808D27494CD9007D158D /* Cocoa.framework in Frameworks */,
				653B806C27494C58007D158D /* CoreFoundation.framework in Frameworks */,
				653B806D27494C6A007D158D /* OpenGL.framework in Frameworks */,
				653B807127494C77007D158D /* IOKit.framework in Frameworks */,
			);
			runOnlyForDeploymentPostprocessing = 0;
		};
/* End PBXFrameworksBuildPhase section */

/* Begin PBXGroup section */
		65232BEF2751529300C0144B /* rects */ = {
			isa = PBXGroup;
			children = (
				65232BF9275152C900C0144B /* main.c */,
			);
			name = rects;
			path = ../rects;
			sourceTree = "<group>";
		};
		652ADA61273D887E0009E305 = {
			isa = PBXGroup;
			children = (
				652ADB2A27404DEB0009E305 /* hello_world */,
				653B804827494959007D158D /* skcanvas_paint */,
				65232BEF2751529300C0144B /* rects */,
				652ADA6B273D887E0009E305 /* Products */,
				652ADA91273D8BB70009E305 /* Frameworks */,
			);
			sourceTree = "<group>";
		};
		652ADA6B273D887E0009E305 /* Products */ = {
			isa = PBXGroup;
			children = (
				652ADA7B273D88EC0009E305 /* hello_world */,
				653B804D27494976007D158D /* skcanvas_paint */,
				65232BEE2751529200C0144B /* rects */,
			);
			name = Products;
			sourceTree = "<group>";
		};
		652ADA91273D8BB70009E305 /* Frameworks */ = {
			isa = PBXGroup;
			children = (
				653B807A27494CA1007D158D /* Foundation.framework */,
				653B807527494C91007D158D /* AppKit.framework */,
				652ADAA0273D908E0009E305 /* OpenGL.framework */,
				652ADA98273D8C490009E305 /* CoreFoundation.framework */,
				652ADA96273D8C410009E305 /* IOKit.framework */,
				652ADA92273D8BB70009E305 /* Cocoa.framework */,
			);
			name = Frameworks;
			sourceTree = "<group>";
		};
		652ADB2A27404DEB0009E305 /* hello_world */ = {
			isa = PBXGroup;
			children = (
				652ADB3127404DEC0009E305 /* hello_world.c */,
			);
			name = hello_world;
			path = ../hello_world;
			sourceTree = "<group>";
		};
		653B804827494959007D158D /* skcanvas_paint */ = {
			isa = PBXGroup;
			children = (
				653B806127494A05007D158D /* main.c */,
			);
			name = skcanvas_paint;
			path = ../skcanvas_paint;
			sourceTree = "<group>";
		};
/* End PBXGroup section */

/* Begin PBXNativeTarget section */
		65232BED2751529200C0144B /* rects */ = {
			isa = PBXNativeTarget;
			buildConfigurationList = 65232BF42751529300C0144B /* Build configuration list for PBXNativeTarget "rects" */;
			buildPhases = (
				65232BEA2751529200C0144B /* Sources */,
				65232BEB2751529200C0144B /* Frameworks */,
				65232BEC2751529200C0144B /* CopyFiles */,
			);
			buildRules = (
			);
			dependencies = (
			);
			name = rects;
			productName = rects;
			productReference = 65232BEE2751529200C0144B /* rects */;
			productType = "com.apple.product-type.tool";
		};
		652ADA7A273D88EC0009E305 /* hello_world */ = {
			isa = PBXNativeTarget;
			buildConfigurationList = 652ADA7F273D88ED0009E305 /* Build configuration list for PBXNativeTarget "hello_world" */;
			buildPhases = (
				652ADA77273D88EC0009E305 /* Sources */,
				652ADA78273D88EC0009E305 /* Frameworks */,
				652ADA79273D88EC0009E305 /* CopyFiles */,
			);
			buildRules = (
			);
			dependencies = (
			);
			name = hello_world;
			productName = hello_world;
			productReference = 652ADA7B273D88EC0009E305 /* hello_world */;
			productType = "com.apple.product-type.tool";
		};
		653B804C27494976007D158D /* skcanvas_paint */ = {
			isa = PBXNativeTarget;
			buildConfigurationList = 653B805127494976007D158D /* Build configuration list for PBXNativeTarget "skcanvas_paint" */;
			buildPhases = (
				653B804927494976007D158D /* Sources */,
				653B804A27494976007D158D /* Frameworks */,
				653B804B27494976007D158D /* CopyFiles */,
			);
			buildRules = (
			);
			dependencies = (
			);
			name = skcanvas_paint;
			productName = skcanvas_paint;
			productReference = 653B804D27494976007D158D /* skcanvas_paint */;
			productType = "com.apple.product-type.tool";
		};
/* End PBXNativeTarget section */

/* Begin PBXProject section */
		652ADA62273D887E0009E305 /* Project object */ = {
			isa = PBXProject;
			attributes = {
				LastUpgradeCheck = 1240;
				TargetAttributes = {
					65232BED2751529200C0144B = {
						CreatedOnToolsVersion = 12.4;
					};
					652ADA7A273D88EC0009E305 = {
						CreatedOnToolsVersion = 12.4;
					};
					653B804C27494976007D158D = {
						CreatedOnToolsVersion = 12.4;
					};
				};
			};
			buildConfigurationList = 652ADA65273D887E0009E305 /* Build configuration list for PBXProject "CSkia Examples" */;
			compatibilityVersion = "Xcode 9.3";
			developmentRegion = en;
			hasScannedForEncodings = 0;
			knownRegions = (
				en,
				Base,
			);
			mainGroup = 652ADA61273D887E0009E305;
			productRefGroup = 652ADA6B273D887E0009E305 /* Products */;
			projectDirPath = "";
			projectRoot = "";
			targets = (
				652ADA7A273D88EC0009E305 /* hello_world */,
				653B804C27494976007D158D /* skcanvas_paint */,
				65232BED2751529200C0144B /* rects */,
			);
		};
/* End PBXProject section */

/* Begin PBXSourcesBuildPhase section */
		65232BEA2751529200C0144B /* Sources */ = {
			isa = PBXSourcesBuildPhase;
			buildActionMask = 2147483647;
			files = (
				65232BFA275152C900C0144B /* main.c in Sources */,
			);
			runOnlyForDeploymentPostprocessing = 0;
		};
		652ADA77273D88EC0009E305 /* Sources */ = {
			isa = PBXSourcesBuildPhase;
			buildActionMask = 2147483647;
			files = (
				652ADB3827404DEC0009E305 /* hello_world.c in Sources */,
			);
			runOnlyForDeploymentPostprocessing = 0;
		};
		653B804927494976007D158D /* Sources */ = {
			isa = PBXSourcesBuildPhase;
			buildActionMask = 2147483647;
			files = (
				653B806227494A05007D158D /* main.c in Sources */,
			);
			runOnlyForDeploymentPostprocessing = 0;
		};
/* End PBXSourcesBuildPhase section */

/* Begin XCBuildConfiguration section */
		65232BF22751529300C0144B /* Debug */ = {
			isa = XCBuildConfiguration;
			buildSettings = {
				CLANG_CXX_LANGUAGE_STANDARD = "compiler-default";
				CLANG_CXX_LIBRARY = "compiler-default";
				CODE_SIGN_STYLE = Manual;
				DEVELOPMENT_TEAM = XA8U8K5RRK;
				ENABLE_HARDENED_RUNTIME = NO;
				GCC_C_LANGUAGE_STANDARD = "compiler-default";
				PRODUCT_NAME = "$(TARGET_NAME)";
			};
			name = Debug;
		};
		65232BF32751529300C0144B /* Release */ = {
			isa = XCBuildConfiguration;
			buildSettings = {
				CLANG_CXX_LANGUAGE_STANDARD = "compiler-default";
				CLANG_CXX_LIBRARY = "compiler-default";
				CODE_SIGN_STYLE = Manual;
				DEVELOPMENT_TEAM = XA8U8K5RRK;
				ENABLE_HARDENED_RUNTIME = NO;
				GCC_C_LANGUAGE_STANDARD = "compiler-default";
				PRODUCT_NAME = "$(TARGET_NAME)";
			};
			name = Release;
		};
		652ADA6F273D887E0009E305 /* Debug */ = {
			isa = XCBuildConfiguration;
			buildSettings = {
				ALWAYS_SEARCH_USER_PATHS = NO;
				CLANG_ANALYZER_NONNULL = YES;
				CLANG_ANALYZER_NUMBER_OBJECT_CONVERSION = YES_AGGRESSIVE;
				CLANG_CXX_LANGUAGE_STANDARD = "compiler-default";
				CLANG_CXX_LIBRARY = "compiler-default";
				CLANG_ENABLE_MODULES = YES;
				CLANG_ENABLE_OBJC_ARC = YES;
				CLANG_ENABLE_OBJC_WEAK = YES;
				CLANG_WARN_BLOCK_CAPTURE_AUTORELEASING = YES;
				CLANG_WARN_BOOL_CONVERSION = YES;
				CLANG_WARN_COMMA = YES;
				CLANG_WARN_CONSTANT_CONVERSION = YES;
				CLANG_WARN_DEPRECATED_OBJC_IMPLEMENTATIONS = YES;
				CLANG_WARN_DIRECT_OBJC_ISA_USAGE = YES_ERROR;
				CLANG_WARN_DOCUMENTATION_COMMENTS = YES;
				CLANG_WARN_EMPTY_BODY = YES;
				CLANG_WARN_ENUM_CONVERSION = YES;
				CLANG_WARN_INFINITE_RECURSION = YES;
				CLANG_WARN_INT_CONVERSION = YES;
				CLANG_WARN_NON_LITERAL_NULL_CONVERSION = YES;
				CLANG_WARN_OBJC_IMPLICIT_RETAIN_SELF = YES;
				CLANG_WARN_OBJC_LITERAL_CONVERSION = YES;
				CLANG_WARN_OBJC_ROOT_CLASS = YES_ERROR;
				CLANG_WARN_QUOTED_INCLUDE_IN_FRAMEWORK_HEADER = YES;
				CLANG_WARN_RANGE_LOOP_ANALYSIS = YES;
				CLANG_WARN_STRICT_PROTOTYPES = YES;
				CLANG_WARN_SUSPICIOUS_MOVE = YES;
				CLANG_WARN_UNGUARDED_AVAILABILITY = YES_AGGRESSIVE;
				CLANG_WARN_UNREACHABLE_CODE = YES;
				CLANG_WARN__DUPLICATE_METHOD_MATCH = YES;
				CODE_SIGN_STYLE = Manual;
				COPY_PHASE_STRIP = NO;
				DEBUG_INFORMATION_FORMAT = dwarf;
				ENABLE_HARDENED_RUNTIME = NO;
				ENABLE_STRICT_OBJC_MSGSEND = YES;
				ENABLE_TESTABILITY = YES;
				GCC_C_LANGUAGE_STANDARD = "compiler-default";
				GCC_DYNAMIC_NO_PIC = NO;
				GCC_NO_COMMON_BLOCKS = YES;
				GCC_OPTIMIZATION_LEVEL = 0;
				GCC_PREPROCESSOR_DEFINITIONS = (
					"DEBUG=1",
					"$(inherited)",
				);
				GCC_WARN_64_TO_32_BIT_CONVERSION = YES;
				GCC_WARN_ABOUT_RETURN_TYPE = YES_ERROR;
				GCC_WARN_UNDECLARED_SELECTOR = YES;
				GCC_WARN_UNINITIALIZED_AUTOS = YES_AGGRESSIVE;
				GCC_WARN_UNUSED_FUNCTION = YES;
				GCC_WARN_UNUSED_VARIABLE = YES;
				HEADER_SEARCH_PATHS = "$(SRCROOT)/../../dist/include";
				MACOSX_DEPLOYMENT_TARGET = 10.15;
				MTL_ENABLE_DEBUG_INFO = INCLUDE_SOURCE;
				MTL_FAST_MATH = YES;
				ONLY_ACTIVE_ARCH = YES;
				OTHER_LDFLAGS = (
					"-L$(SRCROOT)/../../dist/lib/darwin",
					"-lskia",
					"-lc++",
					"-L/usr/local/lib",
					"-lglfw",
				);
				SDKROOT = macosx;
				SYSTEM_HEADER_SEARCH_PATHS = /usr/local/include;
			};
			name = Debug;
		};
		652ADA70273D887E0009E305 /* Release */ = {
			isa = XCBuildConfiguration;
			buildSettings = {
				ALWAYS_SEARCH_USER_PATHS = NO;
				CLANG_ANALYZER_NONNULL = YES;
				CLANG_ANALYZER_NUMBER_OBJECT_CONVERSION = YES_AGGRESSIVE;
				CLANG_CXX_LANGUAGE_STANDARD = "compiler-default";
				CLANG_CXX_LIBRARY = "compiler-default";
				CLANG_ENABLE_MODULES = YES;
				CLANG_ENABLE_OBJC_ARC = YES;
				CLANG_ENABLE_OBJC_WEAK = YES;
				CLANG_WARN_BLOCK_CAPTURE_AUTORELEASING = YES;
				CLANG_WARN_BOOL_CONVERSION = YES;
				CLANG_WARN_COMMA = YES;
				CLANG_WARN_CONSTANT_CONVERSION = YES;
				CLANG_WARN_DEPRECATED_OBJC_IMPLEMENTATIONS = YES;
				CLANG_WARN_DIRECT_OBJC_ISA_USAGE = YES_ERROR;
				CLANG_WARN_DOCUMENTATION_COMMENTS = YES;
				CLANG_WARN_EMPTY_BODY = YES;
				CLANG_WARN_ENUM_CONVERSION = YES;
				CLANG_WARN_INFINITE_RECURSION = YES;
				CLANG_WARN_INT_CONVERSION = YES;
				CLANG_WARN_NON_LITERAL_NULL_CONVERSION = YES;
				CLANG_WARN_OBJC_IMPLICIT_RETAIN_SELF = YES;
				CLANG_WARN_OBJC_LITERAL_CONVERSION = YES;
				CLANG_WARN_OBJC_ROOT_CLASS = YES_ERROR;
				CLANG_WARN_QUOTED_INCLUDE_IN_FRAMEWORK_HEADER = YES;
				CLANG_WARN_RANGE_LOOP_ANALYSIS = YES;
				CLANG_WARN_STRICT_PROTOTYPES = YES;
				CLANG_WARN_SUSPICIOUS_MOVE = YES;
				CLANG_WARN_UNGUARDED_AVAILABILITY = YES_AGGRESSIVE;
				CLANG_WARN_UNREACHABLE_CODE = YES;
				CLANG_WARN__DUPLICATE_METHOD_MATCH = YES;
				CODE_SIGN_STYLE = Manual;
				COPY_PHASE_STRIP = NO;
				DEBUG_INFORMATION_FORMAT = "dwarf-with-dsym";
				ENABLE_HARDENED_RUNTIME = NO;
				ENABLE_NS_ASSERTIONS = NO;
				ENABLE_STRICT_OBJC_MSGSEND = YES;
				GCC_C_LANGUAGE_STANDARD = "compiler-default";
				GCC_NO_COMMON_BLOCKS = YES;
				GCC_WARN_64_TO_32_BIT_CONVERSION = YES;
				GCC_WARN_ABOUT_RETURN_TYPE = YES_ERROR;
				GCC_WARN_UNDECLARED_SELECTOR = YES;
				GCC_WARN_UNINITIALIZED_AUTOS = YES_AGGRESSIVE;
				GCC_WARN_UNUSED_FUNCTION = YES;
				GCC_WARN_UNUSED_VARIABLE = YES;
				HEADER_SEARCH_PATHS = "$(SRCROOT)/../../dist/include";
				MACOSX_DEPLOYMENT_TARGET = 10.15;
				MTL_ENABLE_DEBUG_INFO = NO;
				MTL_FAST_MATH = YES;
				ONLY_ACTIVE_ARCH = YES;
				OTHER_LDFLAGS = (
					"-L$(SRCROOT)/../../dist/lib/darwin",
					"-lskia",
					"-lc++",
					"-L/usr/local/lib",
					"-lglfw",
				);
				SDKROOT = macosx;
				SYSTEM_HEADER_SEARCH_PATHS = /usr/local/include;
			};
			name = Release;
		};
		652ADA80273D88ED0009E305 /* Debug */ = {
			isa = XCBuildConfiguration;
			buildSettings = {
				CODE_SIGN_STYLE = Manual;
				DEVELOPMENT_TEAM = "";
				ENABLE_HARDENED_RUNTIME = NO;
				HEADER_SEARCH_PATHS = "$(SRCROOT)/../../dist/include";
				OTHER_LDFLAGS = (
					"-L$(SRCROOT)/../../dist/lib/darwin",
					"-lskia",
					"-lc++",
					"-L/usr/local/lib",
					"-lglfw",
				);
				PRODUCT_NAME = "$(TARGET_NAME)";
				PROVISIONING_PROFILE_SPECIFIER = "";
				SYSTEM_HEADER_SEARCH_PATHS = /usr/local/include;
			};
			name = Debug;
		};
		652ADA81273D88ED0009E305 /* Release */ = {
			isa = XCBuildConfiguration;
			buildSettings = {
				CODE_SIGN_STYLE = Manual;
				DEVELOPMENT_TEAM = "";
				ENABLE_HARDENED_RUNTIME = NO;
				HEADER_SEARCH_PATHS = "$(SRCROOT)/../../dist/include";
				OTHER_LDFLAGS = (
					"-L$(SRCROOT)/../../dist/lib/darwin",
					"-lskia",
					"-lc++",
					"-L/usr/local/lib",
					"-lglfw",
				);
				PRODUCT_NAME = "$(TARGET_NAME)";
				PROVISIONING_PROFILE_SPECIFIER = "";
				SYSTEM_HEADER_SEARCH_PATHS = /usr/local/include;
			};
			name = Release;
		};
		653B805227494976007D158D /* Debug */ = {
			isa = XCBuildConfiguration;
			buildSettings = {
				CLANG_CXX_LANGUAGE_STANDARD = "compiler-default";
				CLANG_CXX_LIBRARY = "compiler-default";
				CODE_SIGN_STYLE = Manual;
				DEVELOPMENT_TEAM = "";
				ENABLE_HARDENED_RUNTIME = NO;
				GCC_C_LANGUAGE_STANDARD = "compiler-default";
				PRODUCT_NAME = "$(TARGET_NAME)";
			};
			name = Debug;
		};
		653B805327494976007D158D /* Release */ = {
			isa = XCBuildConfiguration;
			buildSettings = {
				CLANG_CXX_LANGUAGE_STANDARD = "compiler-default";
				CLANG_CXX_LIBRARY = "compiler-default";
				CODE_SIGN_STYLE = Manual;
				DEVELOPMENT_TEAM = "";
				ENABLE_HARDENED_RUNTIME = NO;
				GCC_C_LANGUAGE_STANDARD = "compiler-default";
				PRODUCT_NAME = "$(TARGET_NAME)";
			};
			name = Release;
		};
/* End XCBuildConfiguration section */

/* Begin XCConfigurationList section */
		65232BF42751529300C0144B /* Build configuration list for PBXNativeTarget "rects" */ = {
			isa = XCConfigurationList;
			buildConfigurations = (
				65232BF22751529300C0144B /* Debug */,
				65232BF32751529300C0144B /* Release */,
			);
			defaultConfigurationIsVisible = 0;
			defaultConfigurationName = Release;
		};
		652ADA65273D887E0009E305 /* Build configuration list for PBXProject "CSkia Examples" */ = {
			isa = XCConfigurationList;
			buildConfigurations = (
				652ADA6F273D887E0009E305 /* Debug */,
				652ADA70273D887E0009E305 /* Release */,
			);
			defaultConfigurationIsVisible = 0;
			defaultConfigurationName = Release;
		};
		652ADA7F273D88ED0009E305 /* Build configuration list for PBXNativeTarget "hello_world" */ = {
			isa = XCConfigurationList;
			buildConfigurations = (
				652ADA80273D88ED0009E305 /* Debug */,
				652ADA81273D88ED0009E305 /* Release */,
			);
			defaultConfigurationIsVisible = 0;
			defaultConfigurationName = Release;
		};
		653B805127494976007D158D /* Build configuration list for PBXNativeTarget "skcanvas_paint" */ = {
			isa = XCConfigurationList;
			buildConfigurations = (
				653B805227494976007D158D /* Debug */,
				653B805327494976007D158D /* Release */,
			);
			defaultConfigurationIsVisible = 0;
			defaultConfigurationName = Release;
		};
/* End XCConfigurationList section */
	};
	rootObject = 652ADA62273D887E0009E305 /* Project object */;
}
